// !$*UTF8*$!
{
	archiveVersion = 1;
	classes = {
	};
	objectVersion = 46;
	objects = {

/* Begin PBXBuildFile section */
		7EF9884C1C8E4436005FCB1A /* AppDelegate.swift in Sources */ = {isa = PBXBuildFile; fileRef = 7EF9884B1C8E4436005FCB1A /* AppDelegate.swift */; };
		7EF9884E1C8E4436005FCB1A /* ViewController.swift in Sources */ = {isa = PBXBuildFile; fileRef = 7EF9884D1C8E4436005FCB1A /* ViewController.swift */; };
		7EF988511C8E4436005FCB1A /* Main.storyboard in Resources */ = {isa = PBXBuildFile; fileRef = 7EF9884F1C8E4436005FCB1A /* Main.storyboard */; };
		7EF988531C8E4436005FCB1A /* Assets.xcassets in Resources */ = {isa = PBXBuildFile; fileRef = 7EF988521C8E4436005FCB1A /* Assets.xcassets */; };
		7EF988561C8E4436005FCB1A /* LaunchScreen.storyboard in Resources */ = {isa = PBXBuildFile; fileRef = 7EF988541C8E4436005FCB1A /* LaunchScreen.storyboard */; };
		7EF9885E1C8E4671005FCB1A /* CoreLocation.framework in Frameworks */ = {isa = PBXBuildFile; fileRef = 7EF9885D1C8E4670005FCB1A /* CoreLocation.framework */; };
/* End PBXBuildFile section */

/* Begin PBXFileReference section */
		7EF988481C8E4436005FCB1A /* where-am-i.app */ = {isa = PBXFileReference; explicitFileType = wrapper.application; includeInIndex = 0; path = "where-am-i.app"; sourceTree = BUILT_PRODUCTS_DIR; };
		7EF9884B1C8E4436005FCB1A /* AppDelegate.swift */ = {isa = PBXFileReference; lastKnownFileType = sourcecode.swift; path = AppDelegate.swift; sourceTree = "<group>"; };
		7EF9884D1C8E4436005FCB1A /* ViewController.swift */ = {isa = PBXFileReference; lastKnownFileType = sourcecode.swift; path = ViewController.swift; sourceTree = "<group>"; };
		7EF988501C8E4436005FCB1A /* Base */ = {isa = PBXFileReference; lastKnownFileType = file.storyboard; name = Base; path = Base.lproj/Main.storyboard; sourceTree = "<group>"; };
		7EF988521C8E4436005FCB1A /* Assets.xcassets */ = {isa = PBXFileReference; lastKnownFileType = folder.assetcatalog; path = Assets.xcassets; sourceTree = "<group>"; };
		7EF988551C8E4436005FCB1A /* Base */ = {isa = PBXFileReference; lastKnownFileType = file.storyboard; name = Base; path = Base.lproj/LaunchScreen.storyboard; sourceTree = "<group>"; };
		7EF988571C8E4436005FCB1A /* Info.plist */ = {isa = PBXFileReference; lastKnownFileType = text.plist.xml; path = Info.plist; sourceTree = "<group>"; };
		7EF9885D1C8E4670005FCB1A /* CoreLocation.framework */ = {isa = PBXFileReference; lastKnownFileType = wrapper.framework; name = CoreLocation.framework; path = System/Library/Frameworks/CoreLocation.framework; sourceTree = SDKROOT; };
/* End PBXFileReference section */

/* Begin PBXFrameworksBuildPhase section */
		7EF988451C8E4436005FCB1A /* Frameworks */ = {
			isa = PBXFrameworksBuildPhase;
			buildActionMask = 2147483647;
			files = (
				7EF9885E1C8E4671005FCB1A /* CoreLocation.framework in Frameworks */,
			);
			runOnlyForDeploymentPostprocessing = 0;
		};
/* End PBXFrameworksBuildPhase section */

/* Begin PBXGroup section */
		7EF9883F1C8E4436005FCB1A = {
			isa = PBXGroup;
			children = (
				7EF9885D1C8E4670005FCB1A /* CoreLocation.framework */,
				7EF9884A1C8E4436005FCB1A /* where-am-i */,
				7EF988491C8E4436005FCB1A /* Products */,
			);
			sourceTree = "<group>";
		};
		7EF988491C8E4436005FCB1A /* Products */ = {
			isa = PBXGroup;
			children = (
				7EF988481C8E4436005FCB1A /* where-am-i.app */,
			);
			name = Products;
			sourceTree = "<group>";
		};
		7EF9884A1C8E4436005FCB1A /* where-am-i */ = {
			isa = PBXGroup;
			children = (
				7EF9884B1C8E4436005FCB1A /* AppDelegate.swift */,
				7EF9884D1C8E4436005FCB1A /* ViewController.swift */,
				7EF9884F1C8E4436005FCB1A /* Main.storyboard */,
				7EF988521C8E4436005FCB1A /* Assets.xcassets */,
				7EF988541C8E4436005FCB1A /* LaunchScreen.storyboard */,
				7EF988571C8E4436005FCB1A /* Info.plist */,
			);
			path = "where-am-i";
			sourceTree = "<group>";
		};
/* End PBXGroup section */

/* Begin PBXNativeTarget section */
		7EF988471C8E4436005FCB1A /* where-am-i */ = {
			isa = PBXNativeTarget;
			buildConfigurationList = 7EF9885A1C8E4436005FCB1A /* Build configuration list for PBXNativeTarget "where-am-i" */;
			buildPhases = (
				7EF988441C8E4436005FCB1A /* Sources */,
				7EF988451C8E4436005FCB1A /* Frameworks */,
				7EF988461C8E4436005FCB1A /* Resources */,
			);
			buildRules = (
			);
			dependencies = (
			);
			name = "where-am-i";
			productName = "where-am-i";
			productReference = 7EF988481C8E4436005FCB1A /* where-am-i.app */;
			productType = "com.apple.product-type.application";
		};
/* End PBXNativeTarget section */

/* Begin PBXProject section */
		7EF988401C8E4436005FCB1A /* Project object */ = {
			isa = PBXProject;
			attributes = {
				LastSwiftUpdateCheck = 0720;
				LastUpgradeCheck = 0720;
				ORGANIZATIONNAME = mycahmason;
				TargetAttributes = {
					7EF988471C8E4436005FCB1A = {
						CreatedOnToolsVersion = 7.2.1;
						DevelopmentTeam = 9QNXNYHJ23;
					};
				};
			};
			buildConfigurationList = 7EF988431C8E4436005FCB1A /* Build configuration list for PBXProject "where-am-i" */;
			compatibilityVersion = "Xcode 3.2";
			developmentRegion = English;
			hasScannedForEncodings = 0;
			knownRegions = (
				en,
				Base,
			);
			mainGroup = 7EF9883F1C8E4436005FCB1A;
			productRefGroup = 7EF988491C8E4436005FCB1A /* Products */;
			projectDirPath = "";
			projectRoot = "";
			targets = (
				7EF988471C8E4436005FCB1A /* where-am-i */,
			);
		};
/* End PBXProject section */

/* Begin PBXResourcesBuildPhase section */
		7EF988461C8E4436005FCB1A /* Resources */ = {
			isa = PBXResourcesBuildPhase;
			buildActionMask = 2147483647;
			files = (
				7EF988561C8E4436005FCB1A /* LaunchScreen.storyboard in Resources */,
				7EF988531C8E4436005FCB1A /* Assets.xcassets in Resources */,
				7EF988511C8E4436005FCB1A /* Main.storyboard in Resources */,
			);
			runOnlyForDeploymentPostprocessing = 0;
		};
/* End PBXResourcesBuildPhase section */

/* Begin PBXSourcesBuildPhase section */
		7EF988441C8E4436005FCB1A /* Sources */ = {
			isa = PBXSourcesBuildPhase;
			buildActionMask = 2147483647;
			files = (
				7EF9884E1C8E4436005FCB1A /* ViewController.swift in Sources */,
				7EF9884C1C8E4436005FCB1A /* AppDelegate.swift in Sources */,
			);
			runOnlyForDeploymentPostprocessing = 0;
		};
/* End PBXSourcesBuildPhase section */

/* Begin PBXVariantGroup section */
		7EF9884F1C8E4436005FCB1A /* Main.storyboard */ = {
			isa = PBXVariantGroup;
			children = (
				7EF988501C8E4436005FCB1A /* Base */,
			);
			name = Main.storyboard;
			sourceTree = "<group>";
		};
		7EF988541C8E4436005FCB1A /* LaunchScreen.storyboard */ = {
			isa = PBXVariantGroup;
			children = (
				7EF988551C8E4436005FCB1A /* Base */,
			);
			name = LaunchScreen.storyboard;
			sourceTree = "<group>";
		};
/* End PBXVariantGroup section */

/* Begin XCBuildConfiguration section */
		7EF988581C8E4436005FCB1A /* Debug */ = {
			isa = XCBuildConfiguration;
			buildSettings = {
				ALWAYS_SEARCH_USER_PATHS = NO;
				CLANG_CXX_LANGUAGE_STANDARD = "gnu++0x";
				CLANG_CXX_LIBRARY = "libc++";
				CLANG_ENABLE_MODULES = YES;
				CLANG_ENABLE_OBJC_ARC = YES;
				CLANG_WARN_BOOL_CONVERSION = YES;
				CLANG_WARN_CONSTANT_CONVERSION = YES;
				CLANG_WARN_DIRECT_OBJC_ISA_USAGE = YES_ERROR;
				CLANG_WARN_EMPTY_BODY = YES;
				CLANG_WARN_ENUM_CONVERSION = YES;
				CLANG_WARN_INT_CONVERSION = YES;
				CLANG_WARN_OBJC_ROOT_CLASS = YES_ERROR;
				CLANG_WARN_UNREACHABLE_CODE = YES;
				CLANG_WARN__DUPLICATE_METHOD_MATCH = YES;
				"CODE_SIGN_IDENTITY[sdk=iphoneos*]" = "iPhone Developer";
				COPY_PHASE_STRIP = NO;
				DEBUG_INFORMATION_FORMAT = dwarf;
				ENABLE_STRICT_OBJC_MSGSEND = YES;
				ENABLE_TESTABILITY = YES;
				GCC_C_LANGUAGE_STANDARD = gnu99;
				GCC_DYNAMIC_NO_PIC = NO;
				GCC_NO_COMMON_BLOCKS = YES;
				GCC_OPTIMIZATION_LEVEL = 0;
				GCC_PREPROCESSOR_DEFINITIONS = (
					"DEBUG=1",
					"$(inherited)",
				);
				GCC_WARN_64_TO_32_BIT_CONVERSION = YES;
				GCC_WARN_ABOUT_RETURN_TYPE = YES_ERROR;
				GCC_WARN_UNDECLARED_SELECTOR = YES;
				GCC_WARN_UNINITIALIZED_AUTOS = YES_AGGRESSIVE;
				GCC_WARN_UNUSED_FUNCTION = YES;
				GCC_WARN_UNUSED_VARIABLE = YES;
				IPHONEOS_DEPLOYMENT_TARGET = 9.2;
				MTL_ENABLE_DEBUG_INFO = YES;
				ONLY_ACTIVE_ARCH = YES;
				SDKROOT = iphoneos;
				SWIFT_OPTIMIZATION_LEVEL = "-Onone";
			};
			name = Debug;
		};
		7EF988591C8E4436005FCB1A /* Release */ = {
			isa = XCBuildConfiguration;
			buildSettings = {
				ALWAYS_SEARCH_USER_PATHS = NO;
				CLANG_CXX_LANGUAGE_STANDARD = "gnu++0x";
				CLANG_CXX_LIBRARY = "libc++";
				CLANG_ENABLE_MODULES = YES;
				CLANG_ENABLE_OBJC_ARC = YES;
				CLANG_WARN_BOOL_CONVERSION = YES;
				CLANG_WARN_CONSTANT_CONVERSION = YES;
				CLANG_WARN_DIRECT_OBJC_ISA_USAGE = YES_ERROR;
				CLANG_WARN_EMPTY_BODY = YES;
				CLANG_WARN_ENUM_CONVERSION = YES;
				CLANG_WARN_INT_CONVERSION = YES;
				CLANG_WARN_OBJC_ROOT_CLASS = YES_ERROR;
				CLANG_WARN_UNREACHABLE_CODE = YES;
				CLANG_WARN__DUPLICATE_METHOD_MATCH = YES;
				"CODE_SIGN_IDENTITY[sdk=iphoneos*]" = "iPhone Developer";
				COPY_PHASE_STRIP = NO;
				DEBUG_INFORMATION_FORMAT = "dwarf-with-dsym";
				ENABLE_NS_ASSERTIONS = NO;
				ENABLE_STRICT_OBJC_MSGSEND = YES;
				GCC_C_LANGUAGE_STANDARD = gnu99;
				GCC_NO_COMMON_BLOCKS = YES;
				GCC_WARN_64_TO_32_BIT_CONVERSION = YES;
				GCC_WARN_ABOUT_RETURN_TYPE = YES_ERROR;
				GCC_WARN_UNDECLARED_SELECTOR = YES;
				GCC_WARN_UNINITIALIZED_AUTOS = YES_AGGRESSIVE;
				GCC_WARN_UNUSED_FUNCTION = YES;
				GCC_WARN_UNUSED_VARIABLE = YES;
				IPHONEOS_DEPLOYMENT_TARGET = 9.2;
				MTL_ENABLE_DEBUG_INFO = NO;
				SDKROOT = iphoneos;
				VALIDATE_PRODUCT = YES;
			};
			name = Release;
		};
		7EF9885B1C8E4436005FCB1A /* Debug */ = {
			isa = XCBuildConfiguration;
			buildSettings = {
				ASSETCATALOG_COMPILER_APPICON_NAME = AppIcon;
				CODE_SIGN_IDENTITY = "";
				"CODE_SIGN_IDENTITY[sdk=iphoneos*]" = "iPhone Developer";
				INFOPLIST_FILE = "where-am-i/Info.plist";
				LD_RUNPATH_SEARCH_PATHS = "$(inherited) @executable_path/Frameworks";
				PRODUCT_BUNDLE_IDENTIFIER = "com.mycahmason.where-am-i";
				PRODUCT_NAME = "where-am-i";
				PROVISIONING_PROFILE = "";
				TARGETED_DEVICE_FAMILY = 1;
			};
			name = Debug;
		};
		7EF9885C1C8E4436005FCB1A /* Release */ = {
			isa = XCBuildConfiguration;
			buildSettings = {
				ASSETCATALOG_COMPILER_APPICON_NAME = AppIcon;
				CODE_SIGN_IDENTITY = "";
				"CODE_SIGN_IDENTITY[sdk=iphoneos*]" = "iPhone Developer";
				INFOPLIST_FILE = "where-am-i/Info.plist";
				LD_RUNPATH_SEARCH_PATHS = "$(inherited) @executable_path/Frameworks";
				PRODUCT_BUNDLE_IDENTIFIER = "com.mycahmason.where-am-i";
				PRODUCT_NAME = "where-am-i";
				PROVISIONING_PROFILE = "";
				TARGETED_DEVICE_FAMILY = 1;
			};
			name = Release;
		};
/* End XCBuildConfiguration section */

/* Begin XCConfigurationList section */
		7EF988431C8E4436005FCB1A /* Build configuration list for PBXProject "where-am-i" */ = {
			isa = XCConfigurationList;
			buildConfigurations = (
				7EF988581C8E4436005FCB1A /* Debug */,
				7EF988591C8E4436005FCB1A /* Release */,
			);
			defaultConfigurationIsVisible = 0;
			defaultConfigurationName = Release;
		};
		7EF9885A1C8E4436005FCB1A /* Build configuration list for PBXNativeTarget "where-am-i" */ = {
			isa = XCConfigurationList;
			buildConfigurations = (
				7EF9885B1C8E4436005FCB1A /* Debug */,
				7EF9885C1C8E4436005FCB1A /* Release */,
			);
			defaultConfigurationIsVisible = 0;
			defaultConfigurationName = Release;
		};
/* End XCConfigurationList section */
	};
	rootObject = 7EF988401C8E4436005FCB1A /* Project object */;
}
